
Microsoft Visual Studio Solution File, Format Version 12.00
# Visual Studio 15
VisualStudioVersion = 15.0.27004.2009
MinimumVisualStudioVersion = 10.0.40219.1
Project("{9A19103F-16F7-4668-BE54-9A1E7A4F7556}") = "Basm.Assembler", "Basm.Assembler\Basm.Assembler.csproj", "{DD2F8F93-DD7A-49B0-BBC1-4B040B472091}"
EndProject
Project("{9A19103F-16F7-4668-BE54-9A1E7A4F7556}") = "Basm.CheatEngine", "Basm.CheatEngine\Basm.CheatEngine.csproj", "{25400717-9744-43A4-BAAD-DE2335466E46}"
EndProject
Project("{9A19103F-16F7-4668-BE54-9A1E7A4F7556}") = "Basm.Assembler.Implementation", "Basm.Assembler.Implementation\Basm.Assembler.Implementation.csproj", "{682E4E7B-F95A-4D21-8C65-E8C40AE5B29B}"
EndProject
Project("{9A19103F-16F7-4668-BE54-9A1E7A4F7556}") = "Basm.Architecture.X64.Parsing.Intel", "Basm.Architecture.X64.Parsing.Intel\Basm.Architecture.X64.Parsing.Intel.csproj", "{FFEEC307-8B5F-4F7C-B3B5-4B9A86FD2397}"
EndProject
Project("{9A19103F-16F7-4668-BE54-9A1E7A4F7556}") = "Basm.CheatEngine.Tests", "Basm.CheatEngine.Tests\Basm.CheatEngine.Tests.csproj", "{153F9826-D570-4E9D-AFF1-AF83B5EEC60B}"
EndProject
Project("{2150E333-8FDC-42A3-9474-1A3956D46DE8}") = "Architecture", "Architecture", "{AA741138-A59A-4D66-A377-122DD71A3872}"
EndProject
Project("{2150E333-8FDC-42A3-9474-1A3956D46DE8}") = "X64", "X64", "{16DCFF64-6098-4315-90FB-38CC94B07375}"
EndProject
Project("{9A19103F-16F7-4668-BE54-9A1E7A4F7556}") = "Basm.Architecture.X64", "Basm.Architecture.X64\Basm.Architecture.X64.csproj", "{2D5C28CE-F471-43BF-9E17-41905904C542}"
EndProject
Project("{2150E333-8FDC-42A3-9474-1A3956D46DE8}") = "Parsing", "Parsing", "{3ABD0D5D-1DE0-4187-B672-DE7281BDBF96}"
EndProject
Project("{2150E333-8FDC-42A3-9474-1A3956D46DE8}") = "Assemblers", "Assemblers", "{F20CE8DA-0CE2-4BB3-8365-AC77208FD995}"
EndProject
Project("{9A19103F-16F7-4668-BE54-9A1E7A4F7556}") = "Basm.Architecture.X64.Assemblers.Keystone", "Basm.Architecture.X64.Assemblers.Keystone\Basm.Architecture.X64.Assemblers.Keystone.csproj", "{B8D723DE-3B06-4412-8BEF-32D8AB9DE2B0}"
EndProject
Project("{2150E333-8FDC-42A3-9474-1A3956D46DE8}") = "Adapters", "Adapters", "{0CABE3B5-75D4-499B-AEFC-DA67101AF39C}"
EndProject
Project("{9A19103F-16F7-4668-BE54-9A1E7A4F7556}") = "Basm.Architecture.X64.Adapters.Strings", "Basm.Architecture.X64.Adapters.Strings\Basm.Architecture.X64.Adapters.Strings.csproj", "{4F3DB57E-3D91-49A5-94FE-02F3013C8D20}"
EndProject
Project("{9A19103F-16F7-4668-BE54-9A1E7A4F7556}") = "Basm.Architecture.X64.Parsing", "Basm.Architecture.X64.Parsing\Basm.Architecture.X64.Parsing.csproj", "{4BC5BF8D-AEC4-4DDA-8CAA-7ECCB97E249E}"
EndProject
Project("{9A19103F-16F7-4668-BE54-9A1E7A4F7556}") = "Basm.Adapters.CheatEngine", "Basm.Adapters.CheatEngine\Basm.Adapters.CheatEngine.csproj", "{D254F219-299E-4CB1-A679-6AC7736F0F85}"
EndProject
Project("{2150E333-8FDC-42A3-9474-1A3956D46DE8}") = "Adapters", "Adapters", "{5137088B-D873-4BBA-867D-36743079CD99}"
EndProject
Project("{2150E333-8FDC-42A3-9474-1A3956D46DE8}") = "Memory", "Memory", "{CD87DAF8-E405-4AC8-915F-26E2436D640C}"
EndProject
Project("{9A19103F-16F7-4668-BE54-9A1E7A4F7556}") = "Basm.Memory.Local", "Basm.Memory.Local\Basm.Memory.Local.csproj", "{007E9D36-1C8B-4CC9-9FC5-74094AC879E3}"
EndProject
Project("{9A19103F-16F7-4668-BE54-9A1E7A4F7556}") = "Basm.Assembler.Directives", "Basm.Assembler.Directives\Basm.Assembler.Directives.csproj", "{DA75D30A-E3E6-49E9-A73F-569105ECEF80}"
EndProject
Project("{2150E333-8FDC-42A3-9474-1A3956D46DE8}") = "Assembler", "Assembler", "{7F86EB72-6E05-4F0E-98D1-34A672E0EDF7}"
EndProject
Project("{9A19103F-16F7-4668-BE54-9A1E7A4F7556}") = "Basm.Architecture.X64.Assemblers", "Basm.Architecture.X64.Assemblers\Basm.Architecture.X64.Assemblers.csproj", "{626FD6C6-E65F-43CC-A79E-976127D81F68}"
EndProject
Project("{9A19103F-16F7-4668-BE54-9A1E7A4F7556}") = "Basm.Architecture", "Basm.Architecture\Basm.Architecture.csproj", "{74FAE31D-EF0D-4B82-B2D7-5E44A017CDDF}"
EndProject
Project("{9A19103F-16F7-4668-BE54-9A1E7A4F7556}") = "Basm.Assembler.Scripts", "Basm.Assembler.Scripts\Basm.Assembler.Scripts.csproj", "{A1B71253-9DCD-4212-83EE-B4E15265F309}"
EndProject
Project("{9A19103F-16F7-4668-BE54-9A1E7A4F7556}") = "Basm.Architecture.X64.Parsing.Tests", "Basm.Architecture.X64.Parsing.Tests\Basm.Architecture.X64.Parsing.Tests.csproj", "{2FCA1040-FD13-4B96-A36E-E78CE13E7142}"
EndProject
Project("{9A19103F-16F7-4668-BE54-9A1E7A4F7556}") = "Basm.Architecture.X64.Parsing.Intel.Tests", "Basm.Architecture.X64.Parsing.Intel.Tests\Basm.Architecture.X64.Parsing.Intel.Tests.csproj", "{F965ADB8-3775-4CBE-B9C8-5F951E02B9B9}"
EndProject
Project("{2150E333-8FDC-42A3-9474-1A3956D46DE8}") = "Intel", "Intel", "{770C097E-92A4-4B34-8982-EB41B7FE7DBC}"
EndProject
Project("{2150E333-8FDC-42A3-9474-1A3956D46DE8}") = "Keystone", "Keystone", "{D7538838-35A2-4379-BB05-A5F528C1E0E2}"
EndProject
Project("{9A19103F-16F7-4668-BE54-9A1E7A4F7556}") = "Basm.Architecture.X64.Assemblers.Tests", "Basm.Architecture.X64.Assemblers.Tests\Basm.Architecture.X64.Assemblers.Tests.csproj", "{4D47FBED-EDCB-486A-B1D4-6BBDB71F1F44}"
EndProject
Project("{9A19103F-16F7-4668-BE54-9A1E7A4F7556}") = "Basm.Architecture.X64.Assemblers.Keystone.Tests", "Basm.Architecture.X64.Assemblers.Keystone.Tests\Basm.Architecture.X64.Assemblers.Keystone.Tests.csproj", "{C5ACFF6A-5168-4FFD-944E-8564FB25F4CE}"
EndProject
Project("{2150E333-8FDC-42A3-9474-1A3956D46DE8}") = "CheatEngine", "CheatEngine", "{7BF2A56D-3E30-4B79-AA49-D1858927CA35}"
EndProject
Project("{FAE04EC0-301F-11D3-BF4B-00C04F79EFBC}") = "Basm.Architecture.Keystone", "Basm.Architecture.Keystone\Basm.Architecture.Keystone.csproj", "{826672C7-B7F3-4AB0-9EDF-4C99E1F3EB23}"
EndProject
Project("{FAE04EC0-301F-11D3-BF4B-00C04F79EFBC}") = "Basm.Adapters.CheatEngine.Tests", "Basm.Adapters.CheatEngine.Tests\Basm.Adapters.CheatEngine.Tests.csproj", "{A66045DA-A646-47D4-B8D8-F7B1BBB4DE22}"
EndProject
Project("{FAE04EC0-301F-11D3-BF4B-00C04F79EFBC}") = "Basm.Adapters.CheatEngine.Tester", "Basm.Adapters.CheatEngine.Tester\Basm.Adapters.CheatEngine.Tester.csproj", "{8DDAC03A-176B-48A0-9ADF-0AAFC77163CC}"
EndProject
Project("{2150E333-8FDC-42A3-9474-1A3956D46DE8}") = "Windows", "Windows", "{B93E161E-B38E-41B9-BE20-E730F98C169F}"
EndProject
Project("{9A19103F-16F7-4668-BE54-9A1E7A4F7556}") = "Basm.Memory.Windows", "Basm.Memory.Windows\Basm.Memory.Windows.csproj", "{A4769F8A-6ECC-4D02-97FE-2388A3DD889B}"
EndProject
Project("{FAE04EC0-301F-11D3-BF4B-00C04F79EFBC}") = "Basm.Memory.Windows.Processes", "Basm.Memory.Windows.Processes\Basm.Memory.Windows.Processes.csproj", "{8C6A13F3-3B83-4311-AB13-B43E5A8FE302}"
EndProject
Project("{FAE04EC0-301F-11D3-BF4B-00C04F79EFBC}") = "MemorySharp", "MemorySharp\MemorySharp.csproj", "{78A6F97D-5CA8-4E92-8E17-2545983C9555}"
EndProject
Global
	GlobalSection(SolutionConfigurationPlatforms) = preSolution
		Debug|Any CPU = Debug|Any CPU
		Debug|x64 = Debug|x64
		Release|Any CPU = Release|Any CPU
		Release|x64 = Release|x64
	EndGlobalSection
	GlobalSection(ProjectConfigurationPlatforms) = postSolution
		{DD2F8F93-DD7A-49B0-BBC1-4B040B472091}.Debug|Any CPU.ActiveCfg = Debug|Any CPU
		{DD2F8F93-DD7A-49B0-BBC1-4B040B472091}.Debug|Any CPU.Build.0 = Debug|Any CPU
		{DD2F8F93-DD7A-49B0-BBC1-4B040B472091}.Debug|x64.ActiveCfg = Debug|Any CPU
		{DD2F8F93-DD7A-49B0-BBC1-4B040B472091}.Debug|x64.Build.0 = Debug|Any CPU
		{DD2F8F93-DD7A-49B0-BBC1-4B040B472091}.Release|Any CPU.ActiveCfg = Release|Any CPU
		{DD2F8F93-DD7A-49B0-BBC1-4B040B472091}.Release|Any CPU.Build.0 = Release|Any CPU
		{DD2F8F93-DD7A-49B0-BBC1-4B040B472091}.Release|x64.ActiveCfg = Release|Any CPU
		{DD2F8F93-DD7A-49B0-BBC1-4B040B472091}.Release|x64.Build.0 = Release|Any CPU
		{25400717-9744-43A4-BAAD-DE2335466E46}.Debug|Any CPU.ActiveCfg = Debug|Any CPU
		{25400717-9744-43A4-BAAD-DE2335466E46}.Debug|Any CPU.Build.0 = Debug|Any CPU
		{25400717-9744-43A4-BAAD-DE2335466E46}.Debug|x64.ActiveCfg = Debug|Any CPU
		{25400717-9744-43A4-BAAD-DE2335466E46}.Debug|x64.Build.0 = Debug|Any CPU
		{25400717-9744-43A4-BAAD-DE2335466E46}.Release|Any CPU.ActiveCfg = Release|Any CPU
		{25400717-9744-43A4-BAAD-DE2335466E46}.Release|Any CPU.Build.0 = Release|Any CPU
		{25400717-9744-43A4-BAAD-DE2335466E46}.Release|x64.ActiveCfg = Release|Any CPU
		{25400717-9744-43A4-BAAD-DE2335466E46}.Release|x64.Build.0 = Release|Any CPU
		{682E4E7B-F95A-4D21-8C65-E8C40AE5B29B}.Debug|Any CPU.ActiveCfg = Debug|Any CPU
		{682E4E7B-F95A-4D21-8C65-E8C40AE5B29B}.Debug|Any CPU.Build.0 = Debug|Any CPU
		{682E4E7B-F95A-4D21-8C65-E8C40AE5B29B}.Debug|x64.ActiveCfg = Debug|Any CPU
		{682E4E7B-F95A-4D21-8C65-E8C40AE5B29B}.Debug|x64.Build.0 = Debug|Any CPU
		{682E4E7B-F95A-4D21-8C65-E8C40AE5B29B}.Release|Any CPU.ActiveCfg = Release|Any CPU
		{682E4E7B-F95A-4D21-8C65-E8C40AE5B29B}.Release|Any CPU.Build.0 = Release|Any CPU
		{682E4E7B-F95A-4D21-8C65-E8C40AE5B29B}.Release|x64.ActiveCfg = Release|Any CPU
		{682E4E7B-F95A-4D21-8C65-E8C40AE5B29B}.Release|x64.Build.0 = Release|Any CPU
		{FFEEC307-8B5F-4F7C-B3B5-4B9A86FD2397}.Debug|Any CPU.ActiveCfg = Debug|Any CPU
		{FFEEC307-8B5F-4F7C-B3B5-4B9A86FD2397}.Debug|Any CPU.Build.0 = Debug|Any CPU
		{FFEEC307-8B5F-4F7C-B3B5-4B9A86FD2397}.Debug|x64.ActiveCfg = Debug|Any CPU
		{FFEEC307-8B5F-4F7C-B3B5-4B9A86FD2397}.Debug|x64.Build.0 = Debug|Any CPU
		{FFEEC307-8B5F-4F7C-B3B5-4B9A86FD2397}.Release|Any CPU.ActiveCfg = Release|Any CPU
		{FFEEC307-8B5F-4F7C-B3B5-4B9A86FD2397}.Release|Any CPU.Build.0 = Release|Any CPU
		{FFEEC307-8B5F-4F7C-B3B5-4B9A86FD2397}.Release|x64.ActiveCfg = Release|Any CPU
		{FFEEC307-8B5F-4F7C-B3B5-4B9A86FD2397}.Release|x64.Build.0 = Release|Any CPU
		{153F9826-D570-4E9D-AFF1-AF83B5EEC60B}.Debug|Any CPU.ActiveCfg = Debug|Any CPU
		{153F9826-D570-4E9D-AFF1-AF83B5EEC60B}.Debug|Any CPU.Build.0 = Debug|Any CPU
		{153F9826-D570-4E9D-AFF1-AF83B5EEC60B}.Debug|x64.ActiveCfg = Debug|Any CPU
		{153F9826-D570-4E9D-AFF1-AF83B5EEC60B}.Debug|x64.Build.0 = Debug|Any CPU
		{153F9826-D570-4E9D-AFF1-AF83B5EEC60B}.Release|Any CPU.ActiveCfg = Release|Any CPU
		{153F9826-D570-4E9D-AFF1-AF83B5EEC60B}.Release|Any CPU.Build.0 = Release|Any CPU
		{153F9826-D570-4E9D-AFF1-AF83B5EEC60B}.Release|x64.ActiveCfg = Release|Any CPU
		{153F9826-D570-4E9D-AFF1-AF83B5EEC60B}.Release|x64.Build.0 = Release|Any CPU
		{2D5C28CE-F471-43BF-9E17-41905904C542}.Debug|Any CPU.ActiveCfg = Debug|Any CPU
		{2D5C28CE-F471-43BF-9E17-41905904C542}.Debug|Any CPU.Build.0 = Debug|Any CPU
		{2D5C28CE-F471-43BF-9E17-41905904C542}.Debug|x64.ActiveCfg = Debug|Any CPU
		{2D5C28CE-F471-43BF-9E17-41905904C542}.Debug|x64.Build.0 = Debug|Any CPU
		{2D5C28CE-F471-43BF-9E17-41905904C542}.Release|Any CPU.ActiveCfg = Release|Any CPU
		{2D5C28CE-F471-43BF-9E17-41905904C542}.Release|Any CPU.Build.0 = Release|Any CPU
		{2D5C28CE-F471-43BF-9E17-41905904C542}.Release|x64.ActiveCfg = Release|Any CPU
		{2D5C28CE-F471-43BF-9E17-41905904C542}.Release|x64.Build.0 = Release|Any CPU
		{B8D723DE-3B06-4412-8BEF-32D8AB9DE2B0}.Debug|Any CPU.ActiveCfg = Debug|Any CPU
		{B8D723DE-3B06-4412-8BEF-32D8AB9DE2B0}.Debug|Any CPU.Build.0 = Debug|Any CPU
		{B8D723DE-3B06-4412-8BEF-32D8AB9DE2B0}.Debug|x64.ActiveCfg = Debug|Any CPU
		{B8D723DE-3B06-4412-8BEF-32D8AB9DE2B0}.Debug|x64.Build.0 = Debug|Any CPU
		{B8D723DE-3B06-4412-8BEF-32D8AB9DE2B0}.Release|Any CPU.ActiveCfg = Release|Any CPU
		{B8D723DE-3B06-4412-8BEF-32D8AB9DE2B0}.Release|Any CPU.Build.0 = Release|Any CPU
		{B8D723DE-3B06-4412-8BEF-32D8AB9DE2B0}.Release|x64.ActiveCfg = Release|Any CPU
		{B8D723DE-3B06-4412-8BEF-32D8AB9DE2B0}.Release|x64.Build.0 = Release|Any CPU
		{4F3DB57E-3D91-49A5-94FE-02F3013C8D20}.Debug|Any CPU.ActiveCfg = Debug|Any CPU
		{4F3DB57E-3D91-49A5-94FE-02F3013C8D20}.Debug|Any CPU.Build.0 = Debug|Any CPU
		{4F3DB57E-3D91-49A5-94FE-02F3013C8D20}.Debug|x64.ActiveCfg = Debug|Any CPU
		{4F3DB57E-3D91-49A5-94FE-02F3013C8D20}.Debug|x64.Build.0 = Debug|Any CPU
		{4F3DB57E-3D91-49A5-94FE-02F3013C8D20}.Release|Any CPU.ActiveCfg = Release|Any CPU
		{4F3DB57E-3D91-49A5-94FE-02F3013C8D20}.Release|Any CPU.Build.0 = Release|Any CPU
		{4F3DB57E-3D91-49A5-94FE-02F3013C8D20}.Release|x64.ActiveCfg = Release|Any CPU
		{4F3DB57E-3D91-49A5-94FE-02F3013C8D20}.Release|x64.Build.0 = Release|Any CPU
		{4BC5BF8D-AEC4-4DDA-8CAA-7ECCB97E249E}.Debug|Any CPU.ActiveCfg = Debug|Any CPU
		{4BC5BF8D-AEC4-4DDA-8CAA-7ECCB97E249E}.Debug|Any CPU.Build.0 = Debug|Any CPU
		{4BC5BF8D-AEC4-4DDA-8CAA-7ECCB97E249E}.Debug|x64.ActiveCfg = Debug|Any CPU
		{4BC5BF8D-AEC4-4DDA-8CAA-7ECCB97E249E}.Debug|x64.Build.0 = Debug|Any CPU
		{4BC5BF8D-AEC4-4DDA-8CAA-7ECCB97E249E}.Release|Any CPU.ActiveCfg = Release|Any CPU
		{4BC5BF8D-AEC4-4DDA-8CAA-7ECCB97E249E}.Release|Any CPU.Build.0 = Release|Any CPU
		{4BC5BF8D-AEC4-4DDA-8CAA-7ECCB97E249E}.Release|x64.ActiveCfg = Release|Any CPU
		{4BC5BF8D-AEC4-4DDA-8CAA-7ECCB97E249E}.Release|x64.Build.0 = Release|Any CPU
		{D254F219-299E-4CB1-A679-6AC7736F0F85}.Debug|Any CPU.ActiveCfg = Debug|Any CPU
		{D254F219-299E-4CB1-A679-6AC7736F0F85}.Debug|Any CPU.Build.0 = Debug|Any CPU
		{D254F219-299E-4CB1-A679-6AC7736F0F85}.Debug|x64.ActiveCfg = Debug|Any CPU
		{D254F219-299E-4CB1-A679-6AC7736F0F85}.Debug|x64.Build.0 = Debug|Any CPU
		{D254F219-299E-4CB1-A679-6AC7736F0F85}.Release|Any CPU.ActiveCfg = Release|Any CPU
		{D254F219-299E-4CB1-A679-6AC7736F0F85}.Release|Any CPU.Build.0 = Release|Any CPU
		{D254F219-299E-4CB1-A679-6AC7736F0F85}.Release|x64.ActiveCfg = Release|Any CPU
		{D254F219-299E-4CB1-A679-6AC7736F0F85}.Release|x64.Build.0 = Release|Any CPU
		{007E9D36-1C8B-4CC9-9FC5-74094AC879E3}.Debug|Any CPU.ActiveCfg = Debug|Any CPU
		{007E9D36-1C8B-4CC9-9FC5-74094AC879E3}.Debug|Any CPU.Build.0 = Debug|Any CPU
		{007E9D36-1C8B-4CC9-9FC5-74094AC879E3}.Debug|x64.ActiveCfg = Debug|Any CPU
		{007E9D36-1C8B-4CC9-9FC5-74094AC879E3}.Debug|x64.Build.0 = Debug|Any CPU
		{007E9D36-1C8B-4CC9-9FC5-74094AC879E3}.Release|Any CPU.ActiveCfg = Release|Any CPU
		{007E9D36-1C8B-4CC9-9FC5-74094AC879E3}.Release|Any CPU.Build.0 = Release|Any CPU
		{007E9D36-1C8B-4CC9-9FC5-74094AC879E3}.Release|x64.ActiveCfg = Release|Any CPU
		{007E9D36-1C8B-4CC9-9FC5-74094AC879E3}.Release|x64.Build.0 = Release|Any CPU
		{DA75D30A-E3E6-49E9-A73F-569105ECEF80}.Debug|Any CPU.ActiveCfg = Debug|Any CPU
		{DA75D30A-E3E6-49E9-A73F-569105ECEF80}.Debug|Any CPU.Build.0 = Debug|Any CPU
		{DA75D30A-E3E6-49E9-A73F-569105ECEF80}.Debug|x64.ActiveCfg = Debug|Any CPU
		{DA75D30A-E3E6-49E9-A73F-569105ECEF80}.Debug|x64.Build.0 = Debug|Any CPU
		{DA75D30A-E3E6-49E9-A73F-569105ECEF80}.Release|Any CPU.ActiveCfg = Release|Any CPU
		{DA75D30A-E3E6-49E9-A73F-569105ECEF80}.Release|Any CPU.Build.0 = Release|Any CPU
		{DA75D30A-E3E6-49E9-A73F-569105ECEF80}.Release|x64.ActiveCfg = Release|Any CPU
		{DA75D30A-E3E6-49E9-A73F-569105ECEF80}.Release|x64.Build.0 = Release|Any CPU
		{626FD6C6-E65F-43CC-A79E-976127D81F68}.Debug|Any CPU.ActiveCfg = Debug|Any CPU
		{626FD6C6-E65F-43CC-A79E-976127D81F68}.Debug|Any CPU.Build.0 = Debug|Any CPU
		{626FD6C6-E65F-43CC-A79E-976127D81F68}.Debug|x64.ActiveCfg = Debug|Any CPU
		{626FD6C6-E65F-43CC-A79E-976127D81F68}.Debug|x64.Build.0 = Debug|Any CPU
		{626FD6C6-E65F-43CC-A79E-976127D81F68}.Release|Any CPU.ActiveCfg = Release|Any CPU
		{626FD6C6-E65F-43CC-A79E-976127D81F68}.Release|Any CPU.Build.0 = Release|Any CPU
		{626FD6C6-E65F-43CC-A79E-976127D81F68}.Release|x64.ActiveCfg = Release|Any CPU
		{626FD6C6-E65F-43CC-A79E-976127D81F68}.Release|x64.Build.0 = Release|Any CPU
		{74FAE31D-EF0D-4B82-B2D7-5E44A017CDDF}.Debug|Any CPU.ActiveCfg = Debug|Any CPU
		{74FAE31D-EF0D-4B82-B2D7-5E44A017CDDF}.Debug|Any CPU.Build.0 = Debug|Any CPU
		{74FAE31D-EF0D-4B82-B2D7-5E44A017CDDF}.Debug|x64.ActiveCfg = Debug|Any CPU
		{74FAE31D-EF0D-4B82-B2D7-5E44A017CDDF}.Debug|x64.Build.0 = Debug|Any CPU
		{74FAE31D-EF0D-4B82-B2D7-5E44A017CDDF}.Release|Any CPU.ActiveCfg = Release|Any CPU
		{74FAE31D-EF0D-4B82-B2D7-5E44A017CDDF}.Release|Any CPU.Build.0 = Release|Any CPU
		{74FAE31D-EF0D-4B82-B2D7-5E44A017CDDF}.Release|x64.ActiveCfg = Release|Any CPU
		{74FAE31D-EF0D-4B82-B2D7-5E44A017CDDF}.Release|x64.Build.0 = Release|Any CPU
		{A1B71253-9DCD-4212-83EE-B4E15265F309}.Debug|Any CPU.ActiveCfg = Debug|Any CPU
		{A1B71253-9DCD-4212-83EE-B4E15265F309}.Debug|Any CPU.Build.0 = Debug|Any CPU
		{A1B71253-9DCD-4212-83EE-B4E15265F309}.Debug|x64.ActiveCfg = Debug|Any CPU
		{A1B71253-9DCD-4212-83EE-B4E15265F309}.Debug|x64.Build.0 = Debug|Any CPU
		{A1B71253-9DCD-4212-83EE-B4E15265F309}.Release|Any CPU.ActiveCfg = Release|Any CPU
		{A1B71253-9DCD-4212-83EE-B4E15265F309}.Release|Any CPU.Build.0 = Release|Any CPU
		{A1B71253-9DCD-4212-83EE-B4E15265F309}.Release|x64.ActiveCfg = Release|Any CPU
		{A1B71253-9DCD-4212-83EE-B4E15265F309}.Release|x64.Build.0 = Release|Any CPU
		{2FCA1040-FD13-4B96-A36E-E78CE13E7142}.Debug|Any CPU.ActiveCfg = Debug|Any CPU
		{2FCA1040-FD13-4B96-A36E-E78CE13E7142}.Debug|Any CPU.Build.0 = Debug|Any CPU
		{2FCA1040-FD13-4B96-A36E-E78CE13E7142}.Debug|x64.ActiveCfg = Debug|Any CPU
		{2FCA1040-FD13-4B96-A36E-E78CE13E7142}.Debug|x64.Build.0 = Debug|Any CPU
		{2FCA1040-FD13-4B96-A36E-E78CE13E7142}.Release|Any CPU.ActiveCfg = Release|Any CPU
		{2FCA1040-FD13-4B96-A36E-E78CE13E7142}.Release|Any CPU.Build.0 = Release|Any CPU
		{2FCA1040-FD13-4B96-A36E-E78CE13E7142}.Release|x64.ActiveCfg = Release|Any CPU
		{2FCA1040-FD13-4B96-A36E-E78CE13E7142}.Release|x64.Build.0 = Release|Any CPU
		{F965ADB8-3775-4CBE-B9C8-5F951E02B9B9}.Debug|Any CPU.ActiveCfg = Debug|Any CPU
		{F965ADB8-3775-4CBE-B9C8-5F951E02B9B9}.Debug|Any CPU.Build.0 = Debug|Any CPU
		{F965ADB8-3775-4CBE-B9C8-5F951E02B9B9}.Debug|x64.ActiveCfg = Debug|Any CPU
		{F965ADB8-3775-4CBE-B9C8-5F951E02B9B9}.Debug|x64.Build.0 = Debug|Any CPU
		{F965ADB8-3775-4CBE-B9C8-5F951E02B9B9}.Release|Any CPU.ActiveCfg = Release|Any CPU
		{F965ADB8-3775-4CBE-B9C8-5F951E02B9B9}.Release|Any CPU.Build.0 = Release|Any CPU
		{F965ADB8-3775-4CBE-B9C8-5F951E02B9B9}.Release|x64.ActiveCfg = Release|Any CPU
		{F965ADB8-3775-4CBE-B9C8-5F951E02B9B9}.Release|x64.Build.0 = Release|Any CPU
		{4D47FBED-EDCB-486A-B1D4-6BBDB71F1F44}.Debug|Any CPU.ActiveCfg = Debug|Any CPU
		{4D47FBED-EDCB-486A-B1D4-6BBDB71F1F44}.Debug|Any CPU.Build.0 = Debug|Any CPU
		{4D47FBED-EDCB-486A-B1D4-6BBDB71F1F44}.Debug|x64.ActiveCfg = Debug|Any CPU
		{4D47FBED-EDCB-486A-B1D4-6BBDB71F1F44}.Debug|x64.Build.0 = Debug|Any CPU
		{4D47FBED-EDCB-486A-B1D4-6BBDB71F1F44}.Release|Any CPU.ActiveCfg = Release|Any CPU
		{4D47FBED-EDCB-486A-B1D4-6BBDB71F1F44}.Release|Any CPU.Build.0 = Release|Any CPU
		{4D47FBED-EDCB-486A-B1D4-6BBDB71F1F44}.Release|x64.ActiveCfg = Release|Any CPU
		{4D47FBED-EDCB-486A-B1D4-6BBDB71F1F44}.Release|x64.Build.0 = Release|Any CPU
		{C5ACFF6A-5168-4FFD-944E-8564FB25F4CE}.Debug|Any CPU.ActiveCfg = Debug|Any CPU
		{C5ACFF6A-5168-4FFD-944E-8564FB25F4CE}.Debug|Any CPU.Build.0 = Debug|Any CPU
		{C5ACFF6A-5168-4FFD-944E-8564FB25F4CE}.Debug|x64.ActiveCfg = Debug|Any CPU
		{C5ACFF6A-5168-4FFD-944E-8564FB25F4CE}.Debug|x64.Build.0 = Debug|Any CPU
		{C5ACFF6A-5168-4FFD-944E-8564FB25F4CE}.Release|Any CPU.ActiveCfg = Release|Any CPU
		{C5ACFF6A-5168-4FFD-944E-8564FB25F4CE}.Release|Any CPU.Build.0 = Release|Any CPU
		{C5ACFF6A-5168-4FFD-944E-8564FB25F4CE}.Release|x64.ActiveCfg = Release|Any CPU
		{C5ACFF6A-5168-4FFD-944E-8564FB25F4CE}.Release|x64.Build.0 = Release|Any CPU
		{826672C7-B7F3-4AB0-9EDF-4C99E1F3EB23}.Debug|Any CPU.ActiveCfg = Debug|Any CPU
		{826672C7-B7F3-4AB0-9EDF-4C99E1F3EB23}.Debug|Any CPU.Build.0 = Debug|Any CPU
		{826672C7-B7F3-4AB0-9EDF-4C99E1F3EB23}.Debug|x64.ActiveCfg = Debug|Any CPU
		{826672C7-B7F3-4AB0-9EDF-4C99E1F3EB23}.Debug|x64.Build.0 = Debug|Any CPU
		{826672C7-B7F3-4AB0-9EDF-4C99E1F3EB23}.Release|Any CPU.ActiveCfg = Release|Any CPU
		{826672C7-B7F3-4AB0-9EDF-4C99E1F3EB23}.Release|Any CPU.Build.0 = Release|Any CPU
		{826672C7-B7F3-4AB0-9EDF-4C99E1F3EB23}.Release|x64.ActiveCfg = Release|Any CPU
		{826672C7-B7F3-4AB0-9EDF-4C99E1F3EB23}.Release|x64.Build.0 = Release|Any CPU
		{A66045DA-A646-47D4-B8D8-F7B1BBB4DE22}.Debug|Any CPU.ActiveCfg = Debug|Any CPU
		{A66045DA-A646-47D4-B8D8-F7B1BBB4DE22}.Debug|Any CPU.Build.0 = Debug|Any CPU
		{A66045DA-A646-47D4-B8D8-F7B1BBB4DE22}.Debug|x64.ActiveCfg = Debug|Any CPU
		{A66045DA-A646-47D4-B8D8-F7B1BBB4DE22}.Debug|x64.Build.0 = Debug|Any CPU
		{A66045DA-A646-47D4-B8D8-F7B1BBB4DE22}.Release|Any CPU.ActiveCfg = Release|Any CPU
		{A66045DA-A646-47D4-B8D8-F7B1BBB4DE22}.Release|Any CPU.Build.0 = Release|Any CPU
		{A66045DA-A646-47D4-B8D8-F7B1BBB4DE22}.Release|x64.ActiveCfg = Release|Any CPU
		{A66045DA-A646-47D4-B8D8-F7B1BBB4DE22}.Release|x64.Build.0 = Release|Any CPU
		{8DDAC03A-176B-48A0-9ADF-0AAFC77163CC}.Debug|Any CPU.ActiveCfg = Debug|Any CPU
		{8DDAC03A-176B-48A0-9ADF-0AAFC77163CC}.Debug|Any CPU.Build.0 = Debug|Any CPU
		{8DDAC03A-176B-48A0-9ADF-0AAFC77163CC}.Debug|x64.ActiveCfg = Debug|Any CPU
		{8DDAC03A-176B-48A0-9ADF-0AAFC77163CC}.Debug|x64.Build.0 = Debug|Any CPU
		{8DDAC03A-176B-48A0-9ADF-0AAFC77163CC}.Release|Any CPU.ActiveCfg = Release|Any CPU
		{8DDAC03A-176B-48A0-9ADF-0AAFC77163CC}.Release|Any CPU.Build.0 = Release|Any CPU
		{8DDAC03A-176B-48A0-9ADF-0AAFC77163CC}.Release|x64.ActiveCfg = Release|Any CPU
		{8DDAC03A-176B-48A0-9ADF-0AAFC77163CC}.Release|x64.Build.0 = Release|Any CPU
		{A4769F8A-6ECC-4D02-97FE-2388A3DD889B}.Debug|Any CPU.ActiveCfg = Debug|Any CPU
		{A4769F8A-6ECC-4D02-97FE-2388A3DD889B}.Debug|Any CPU.Build.0 = Debug|Any CPU
		{A4769F8A-6ECC-4D02-97FE-2388A3DD889B}.Debug|x64.ActiveCfg = Debug|Any CPU
		{A4769F8A-6ECC-4D02-97FE-2388A3DD889B}.Debug|x64.Build.0 = Debug|Any CPU
		{A4769F8A-6ECC-4D02-97FE-2388A3DD889B}.Release|Any CPU.ActiveCfg = Release|Any CPU
		{A4769F8A-6ECC-4D02-97FE-2388A3DD889B}.Release|Any CPU.Build.0 = Release|Any CPU
		{A4769F8A-6ECC-4D02-97FE-2388A3DD889B}.Release|x64.ActiveCfg = Release|Any CPU
		{A4769F8A-6ECC-4D02-97FE-2388A3DD889B}.Release|x64.Build.0 = Release|Any CPU
		{8C6A13F3-3B83-4311-AB13-B43E5A8FE302}.Debug|Any CPU.ActiveCfg = Debug|Any CPU
		{8C6A13F3-3B83-4311-AB13-B43E5A8FE302}.Debug|Any CPU.Build.0 = Debug|Any CPU
		{8C6A13F3-3B83-4311-AB13-B43E5A8FE302}.Debug|x64.ActiveCfg = Debug|Any CPU
		{8C6A13F3-3B83-4311-AB13-B43E5A8FE302}.Debug|x64.Build.0 = Debug|Any CPU
		{8C6A13F3-3B83-4311-AB13-B43E5A8FE302}.Release|Any CPU.ActiveCfg = Release|Any CPU
		{8C6A13F3-3B83-4311-AB13-B43E5A8FE302}.Release|Any CPU.Build.0 = Release|Any CPU
		{8C6A13F3-3B83-4311-AB13-B43E5A8FE302}.Release|x64.ActiveCfg = Release|Any CPU
		{8C6A13F3-3B83-4311-AB13-B43E5A8FE302}.Release|x64.Build.0 = Release|Any CPU
		{78A6F97D-5CA8-4E92-8E17-2545983C9555}.Debug|Any CPU.ActiveCfg = Debug|Any CPU
		{78A6F97D-5CA8-4E92-8E17-2545983C9555}.Debug|Any CPU.Build.0 = Debug|Any CPU
		{78A6F97D-5CA8-4E92-8E17-2545983C9555}.Debug|x64.ActiveCfg = Debug|x64
		{78A6F97D-5CA8-4E92-8E17-2545983C9555}.Debug|x64.Build.0 = Debug|x64
		{78A6F97D-5CA8-4E92-8E17-2545983C9555}.Release|Any CPU.ActiveCfg = Release|Any CPU
		{78A6F97D-5CA8-4E92-8E17-2545983C9555}.Release|Any CPU.Build.0 = Release|Any CPU
		{78A6F97D-5CA8-4E92-8E17-2545983C9555}.Release|x64.ActiveCfg = Release|x64
		{78A6F97D-5CA8-4E92-8E17-2545983C9555}.Release|x64.Build.0 = Release|x64
	EndGlobalSection
	GlobalSection(SolutionProperties) = preSolution
		HideSolutionNode = FALSE
	EndGlobalSection
	GlobalSection(NestedProjects) = preSolution
		{DD2F8F93-DD7A-49B0-BBC1-4B040B472091} = {7F86EB72-6E05-4F0E-98D1-34A672E0EDF7}
		{25400717-9744-43A4-BAAD-DE2335466E46} = {7BF2A56D-3E30-4B79-AA49-D1858927CA35}
		{682E4E7B-F95A-4D21-8C65-E8C40AE5B29B} = {7F86EB72-6E05-4F0E-98D1-34A672E0EDF7}
		{FFEEC307-8B5F-4F7C-B3B5-4B9A86FD2397} = {770C097E-92A4-4B34-8982-EB41B7FE7DBC}
		{153F9826-D570-4E9D-AFF1-AF83B5EEC60B} = {7BF2A56D-3E30-4B79-AA49-D1858927CA35}
		{16DCFF64-6098-4315-90FB-38CC94B07375} = {AA741138-A59A-4D66-A377-122DD71A3872}
		{2D5C28CE-F471-43BF-9E17-41905904C542} = {16DCFF64-6098-4315-90FB-38CC94B07375}
		{3ABD0D5D-1DE0-4187-B672-DE7281BDBF96} = {16DCFF64-6098-4315-90FB-38CC94B07375}
		{F20CE8DA-0CE2-4BB3-8365-AC77208FD995} = {16DCFF64-6098-4315-90FB-38CC94B07375}
		{B8D723DE-3B06-4412-8BEF-32D8AB9DE2B0} = {D7538838-35A2-4379-BB05-A5F528C1E0E2}
		{0CABE3B5-75D4-499B-AEFC-DA67101AF39C} = {16DCFF64-6098-4315-90FB-38CC94B07375}
		{4F3DB57E-3D91-49A5-94FE-02F3013C8D20} = {0CABE3B5-75D4-499B-AEFC-DA67101AF39C}
		{4BC5BF8D-AEC4-4DDA-8CAA-7ECCB97E249E} = {3ABD0D5D-1DE0-4187-B672-DE7281BDBF96}
		{D254F219-299E-4CB1-A679-6AC7736F0F85} = {5137088B-D873-4BBA-867D-36743079CD99}
		{007E9D36-1C8B-4CC9-9FC5-74094AC879E3} = {CD87DAF8-E405-4AC8-915F-26E2436D640C}
		{DA75D30A-E3E6-49E9-A73F-569105ECEF80} = {7F86EB72-6E05-4F0E-98D1-34A672E0EDF7}
		{626FD6C6-E65F-43CC-A79E-976127D81F68} = {F20CE8DA-0CE2-4BB3-8365-AC77208FD995}
		{74FAE31D-EF0D-4B82-B2D7-5E44A017CDDF} = {AA741138-A59A-4D66-A377-122DD71A3872}
		{A1B71253-9DCD-4212-83EE-B4E15265F309} = {7F86EB72-6E05-4F0E-98D1-34A672E0EDF7}
		{2FCA1040-FD13-4B96-A36E-E78CE13E7142} = {3ABD0D5D-1DE0-4187-B672-DE7281BDBF96}
		{F965ADB8-3775-4CBE-B9C8-5F951E02B9B9} = {770C097E-92A4-4B34-8982-EB41B7FE7DBC}
		{770C097E-92A4-4B34-8982-EB41B7FE7DBC} = {3ABD0D5D-1DE0-4187-B672-DE7281BDBF96}
		{D7538838-35A2-4379-BB05-A5F528C1E0E2} = {F20CE8DA-0CE2-4BB3-8365-AC77208FD995}
		{4D47FBED-EDCB-486A-B1D4-6BBDB71F1F44} = {F20CE8DA-0CE2-4BB3-8365-AC77208FD995}
		{C5ACFF6A-5168-4FFD-944E-8564FB25F4CE} = {D7538838-35A2-4379-BB05-A5F528C1E0E2}
		{826672C7-B7F3-4AB0-9EDF-4C99E1F3EB23} = {D7538838-35A2-4379-BB05-A5F528C1E0E2}
		{A66045DA-A646-47D4-B8D8-F7B1BBB4DE22} = {5137088B-D873-4BBA-867D-36743079CD99}
		{8DDAC03A-176B-48A0-9ADF-0AAFC77163CC} = {5137088B-D873-4BBA-867D-36743079CD99}
		{B93E161E-B38E-41B9-BE20-E730F98C169F} = {CD87DAF8-E405-4AC8-915F-26E2436D640C}
		{A4769F8A-6ECC-4D02-97FE-2388A3DD889B} = {B93E161E-B38E-41B9-BE20-E730F98C169F}
		{8C6A13F3-3B83-4311-AB13-B43E5A8FE302} = {B93E161E-B38E-41B9-BE20-E730F98C169F}
		{78A6F97D-5CA8-4E92-8E17-2545983C9555} = {B93E161E-B38E-41B9-BE20-E730F98C169F}
	EndGlobalSection
	GlobalSection(ExtensibilityGlobals) = postSolution
		SolutionGuid = {99EA2A01-A63A-4721-B5E9-C99084E9EBF2}
	EndGlobalSection
EndGlobal
